
Microsoft Visual Studio Solution File, Format Version 12.00
Project("{FAE04EC0-301F-11D3-BF4B-00C04F79EFBC}") = "SolidCS2External", "SolidCS2External\SolidCS2External.csproj", "{22B1B4CB-4CC1-4B6C-A9D2-B4214ED5FC59}"
EndProject
Project("{FAE04EC0-301F-11D3-BF4B-00C04F79EFBC}") = "OffsetSourceFileUpdater", "OffsetSourceFileUpdater\OffsetSourceFileUpdater.csproj", "{57390FC3-4CE6-42C4-87DE-F09DED1555DC}"
EndProject
Global
	GlobalSection(SolutionConfigurationPlatforms) = preSolution
		Debug|Any CPU = Debug|Any CPU
		Release|Any CPU = Release|Any CPU
	EndGlobalSection
	GlobalSection(ProjectConfigurationPlatforms) = postSolution
		{22B1B4CB-4CC1-4B6C-A9D2-B4214ED5FC59}.Debug|Any CPU.ActiveCfg = Debug|Any CPU
		{22B1B4CB-4CC1-4B6C-A9D2-B4214ED5FC59}.Debug|Any CPU.Build.0 = Debug|Any CPU
		{22B1B4CB-4CC1-4B6C-A9D2-B4214ED5FC59}.Release|Any CPU.ActiveCfg = Release|Any CPU
		{22B1B4CB-4CC1-4B6C-A9D2-B4214ED5FC59}.Release|Any CPU.Build.0 = Release|Any CPU
		{57390FC3-4CE6-42C4-87DE-F09DED1555DC}.Debug|Any CPU.ActiveCfg = Debug|Any CPU
		{57390FC3-4CE6-42C4-87DE-F09DED1555DC}.Debug|Any CPU.Build.0 = Debug|Any CPU
		{57390FC3-4CE6-42C4-87DE-F09DED1555DC}.Release|Any CPU.ActiveCfg = Release|Any CPU
		{57390FC3-4CE6-42C4-87DE-F09DED1555DC}.Release|Any CPU.Build.0 = Release|Any CPU
	EndGlobalSection
EndGlobal
